
Microsoft Visual Studio Solution File, Format Version 12.00
# Visual Studio Version 16
VisualStudioVersion = 16.0.30907.101
MinimumVisualStudioVersion = 10.0.40219.1
Project("{FAE04EC0-301F-11D3-BF4B-00C04F79EFBC}") = "Marte.Testes.Unidade", "Marte.Testes.Unidade\Marte.Testes.Unidade.csproj", "{E2A2D524-4F3C-4FDD-98D8-991E58CE7E65}"
EndProject
Project("{2150E333-8FDC-42A3-9474-1A3956D46DE8}") = "Exploração de Marte", "Exploração de Marte", "{DA9A0308-754D-47D6-978F-A0C9502BF99F}"
EndProject
Project("{FAE04EC0-301F-11D3-BF4B-00C04F79EFBC}") = "Marte", "Marte\Marte.csproj", "{E484C58C-D18A-4548-BDDD-0414791AE516}"
EndProject
Project("{FAE04EC0-301F-11D3-BF4B-00C04F79EFBC}") = "Marte.Testes.Integracao", "Marte.Testes.Integracao\Marte.Testes.Integracao.csproj", "{1859138C-59BA-4932-8B10-D2D677561902}"
EndProject
Project("{2150E333-8FDC-42A3-9474-1A3956D46DE8}") = "Exploração de Marte Testes", "Exploração de Marte Testes", "{902B4756-9998-4AD4-991E-E9C2C852638C}"
EndProject
Project("{FAE04EC0-301F-11D3-BF4B-00C04F79EFBC}") = "Marte.Api", "Marte.Api\Marte.Api.csproj", "{96EC1C63-A5D0-4622-BF7E-DEDE142E4386}"
EndProject
Project("{FAE04EC0-301F-11D3-BF4B-00C04F79EFBC}") = "Marte.Web", "Marte.Web\Marte.Web.csproj", "{D5E1FABB-2D81-4FC9-A15F-ED0784D4E3EB}"
EndProject
Project("{2150E333-8FDC-42A3-9474-1A3956D46DE8}") = "Controle da Terra", "Controle da Terra", "{E91FE0E3-C82A-4D6E-A907-D76A2DC59BF4}"
EndProject
Global
	GlobalSection(SolutionConfigurationPlatforms) = preSolution
		Debug|Any CPU = Debug|Any CPU
		Release|Any CPU = Release|Any CPU
	EndGlobalSection
	GlobalSection(ProjectConfigurationPlatforms) = postSolution
		{E2A2D524-4F3C-4FDD-98D8-991E58CE7E65}.Debug|Any CPU.ActiveCfg = Debug|Any CPU
		{E2A2D524-4F3C-4FDD-98D8-991E58CE7E65}.Debug|Any CPU.Build.0 = Debug|Any CPU
		{E2A2D524-4F3C-4FDD-98D8-991E58CE7E65}.Release|Any CPU.ActiveCfg = Release|Any CPU
		{E2A2D524-4F3C-4FDD-98D8-991E58CE7E65}.Release|Any CPU.Build.0 = Release|Any CPU
		{E484C58C-D18A-4548-BDDD-0414791AE516}.Debug|Any CPU.ActiveCfg = Debug|Any CPU
		{E484C58C-D18A-4548-BDDD-0414791AE516}.Debug|Any CPU.Build.0 = Debug|Any CPU
		{E484C58C-D18A-4548-BDDD-0414791AE516}.Release|Any CPU.ActiveCfg = Release|Any CPU
		{E484C58C-D18A-4548-BDDD-0414791AE516}.Release|Any CPU.Build.0 = Release|Any CPU
		{1859138C-59BA-4932-8B10-D2D677561902}.Debug|Any CPU.ActiveCfg = Debug|Any CPU
		{1859138C-59BA-4932-8B10-D2D677561902}.Debug|Any CPU.Build.0 = Debug|Any CPU
		{1859138C-59BA-4932-8B10-D2D677561902}.Release|Any CPU.ActiveCfg = Release|Any CPU
		{1859138C-59BA-4932-8B10-D2D677561902}.Release|Any CPU.Build.0 = Release|Any CPU
		{96EC1C63-A5D0-4622-BF7E-DEDE142E4386}.Debug|Any CPU.ActiveCfg = Debug|Any CPU
		{96EC1C63-A5D0-4622-BF7E-DEDE142E4386}.Debug|Any CPU.Build.0 = Debug|Any CPU
		{96EC1C63-A5D0-4622-BF7E-DEDE142E4386}.Release|Any CPU.ActiveCfg = Release|Any CPU
		{96EC1C63-A5D0-4622-BF7E-DEDE142E4386}.Release|Any CPU.Build.0 = Release|Any CPU
		{D5E1FABB-2D81-4FC9-A15F-ED0784D4E3EB}.Debug|Any CPU.ActiveCfg = Debug|Any CPU
		{D5E1FABB-2D81-4FC9-A15F-ED0784D4E3EB}.Debug|Any CPU.Build.0 = Debug|Any CPU
		{D5E1FABB-2D81-4FC9-A15F-ED0784D4E3EB}.Release|Any CPU.ActiveCfg = Release|Any CPU
		{D5E1FABB-2D81-4FC9-A15F-ED0784D4E3EB}.Release|Any CPU.Build.0 = Release|Any CPU
	EndGlobalSection
	GlobalSection(SolutionProperties) = preSolution
		HideSolutionNode = FALSE
	EndGlobalSection
	GlobalSection(NestedProjects) = preSolution
		{E2A2D524-4F3C-4FDD-98D8-991E58CE7E65} = {902B4756-9998-4AD4-991E-E9C2C852638C}
		{E484C58C-D18A-4548-BDDD-0414791AE516} = {DA9A0308-754D-47D6-978F-A0C9502BF99F}
		{1859138C-59BA-4932-8B10-D2D677561902} = {902B4756-9998-4AD4-991E-E9C2C852638C}
		{96EC1C63-A5D0-4622-BF7E-DEDE142E4386} = {DA9A0308-754D-47D6-978F-A0C9502BF99F}
		{D5E1FABB-2D81-4FC9-A15F-ED0784D4E3EB} = {E91FE0E3-C82A-4D6E-A907-D76A2DC59BF4}
	EndGlobalSection
	GlobalSection(ExtensibilityGlobals) = postSolution
		SolutionGuid = {35384742-F25D-4E21-A013-FB52A2E6180A}
	EndGlobalSection
EndGlobal
